
Microsoft Visual Studio Solution File, Format Version 12.00
# Visual Studio Version 17
VisualStudioVersion = 17.9.34607.119
MinimumVisualStudioVersion = 10.0.40219.1
Project("{9A19103F-16F7-4668-BE54-9A1E7A4F7556}") = "ToyRobot", "ToyRobot\ToyRobot.csproj", "{2D91677F-6D18-4866-AAD2-24E032B4DC2E}"
EndProject
Project("{FAE04EC0-301F-11D3-BF4B-00C04F79EFBC}") = "ToyRobotTest", "ToyRobotTest\ToyRobotTest.csproj", "{8AC2016F-40D7-4244-AD11-152802BB25D4}"
EndProject
Global
	GlobalSection(SolutionConfigurationPlatforms) = preSolution
		Debug|Any CPU = Debug|Any CPU
		Release|Any CPU = Release|Any CPU
	EndGlobalSection
	GlobalSection(ProjectConfigurationPlatforms) = postSolution
		{2D91677F-6D18-4866-AAD2-24E032B4DC2E}.Debug|Any CPU.ActiveCfg = Debug|Any CPU
		{2D91677F-6D18-4866-AAD2-24E032B4DC2E}.Debug|Any CPU.Build.0 = Debug|Any CPU
		{2D91677F-6D18-4866-AAD2-24E032B4DC2E}.Release|Any CPU.ActiveCfg = Release|Any CPU
		{2D91677F-6D18-4866-AAD2-24E032B4DC2E}.Release|Any CPU.Build.0 = Release|Any CPU
		{8AC2016F-40D7-4244-AD11-152802BB25D4}.Debug|Any CPU.ActiveCfg = Debug|Any CPU
		{8AC2016F-40D7-4244-AD11-152802BB25D4}.Debug|Any CPU.Build.0 = Debug|Any CPU
		{8AC2016F-40D7-4244-AD11-152802BB25D4}.Release|Any CPU.ActiveCfg = Release|Any CPU
		{8AC2016F-40D7-4244-AD11-152802BB25D4}.Release|Any CPU.Build.0 = Release|Any CPU
	EndGlobalSection
	GlobalSection(SolutionProperties) = preSolution
		HideSolutionNode = FALSE
	EndGlobalSection
	GlobalSection(ExtensibilityGlobals) = postSolution
		SolutionGuid = {6444EEBC-CA92-47B4-99CC-27C275D4D308}
	EndGlobalSection
EndGlobal
